
Microsoft Visual Studio Solution File, Format Version 12.00
# Visual Studio 15
VisualStudioVersion = 15.0.27428.2015
MinimumVisualStudioVersion = 10.0.40219.1
Project("{9A19103F-16F7-4668-BE54-9A1E7A4F7556}") = "TestFramework", "TestFramework\TestFramework.csproj", "{9A9ABD8F-9DDC-465F-BD8D-1DE06B7EB058}"
EndProject
Project("{9A19103F-16F7-4668-BE54-9A1E7A4F7556}") = "Domain", "Domain\Domain.csproj", "{C41DA6AC-0117-4FF6-AB5A-35BC9E41904C}"
EndProject
Project("{FAE04EC0-301F-11D3-BF4B-00C04F79EFBC}") = "Tests", "Tests\Tests.csproj", "{D59A4487-CF21-4186-9B59-6C78D7EE76D2}"
EndProject
Project("{FAE04EC0-301F-11D3-BF4B-00C04F79EFBC}") = "Business", "Business\Business.csproj", "{1DEC817F-822A-4F70-84F0-A52C53A74217}"
EndProject
Global
	GlobalSection(SolutionConfigurationPlatforms) = preSolution
		Debug|Any CPU = Debug|Any CPU
		Release|Any CPU = Release|Any CPU
	EndGlobalSection
	GlobalSection(ProjectConfigurationPlatforms) = postSolution
		{9A9ABD8F-9DDC-465F-BD8D-1DE06B7EB058}.Debug|Any CPU.ActiveCfg = Debug|Any CPU
		{9A9ABD8F-9DDC-465F-BD8D-1DE06B7EB058}.Debug|Any CPU.Build.0 = Debug|Any CPU
		{9A9ABD8F-9DDC-465F-BD8D-1DE06B7EB058}.Release|Any CPU.ActiveCfg = Release|Any CPU
		{9A9ABD8F-9DDC-465F-BD8D-1DE06B7EB058}.Release|Any CPU.Build.0 = Release|Any CPU
		{C41DA6AC-0117-4FF6-AB5A-35BC9E41904C}.Debug|Any CPU.ActiveCfg = Debug|Any CPU
		{C41DA6AC-0117-4FF6-AB5A-35BC9E41904C}.Debug|Any CPU.Build.0 = Debug|Any CPU
		{C41DA6AC-0117-4FF6-AB5A-35BC9E41904C}.Release|Any CPU.ActiveCfg = Release|Any CPU
		{C41DA6AC-0117-4FF6-AB5A-35BC9E41904C}.Release|Any CPU.Build.0 = Release|Any CPU
		{D59A4487-CF21-4186-9B59-6C78D7EE76D2}.Debug|Any CPU.ActiveCfg = Debug|Any CPU
		{D59A4487-CF21-4186-9B59-6C78D7EE76D2}.Debug|Any CPU.Build.0 = Debug|Any CPU
		{D59A4487-CF21-4186-9B59-6C78D7EE76D2}.Release|Any CPU.ActiveCfg = Release|Any CPU
		{D59A4487-CF21-4186-9B59-6C78D7EE76D2}.Release|Any CPU.Build.0 = Release|Any CPU
		{1DEC817F-822A-4F70-84F0-A52C53A74217}.Debug|Any CPU.ActiveCfg = Debug|Any CPU
		{1DEC817F-822A-4F70-84F0-A52C53A74217}.Debug|Any CPU.Build.0 = Debug|Any CPU
		{1DEC817F-822A-4F70-84F0-A52C53A74217}.Release|Any CPU.ActiveCfg = Release|Any CPU
		{1DEC817F-822A-4F70-84F0-A52C53A74217}.Release|Any CPU.Build.0 = Release|Any CPU
	EndGlobalSection
	GlobalSection(SolutionProperties) = preSolution
		HideSolutionNode = FALSE
	EndGlobalSection
	GlobalSection(ExtensibilityGlobals) = postSolution
		SolutionGuid = {D42800A7-1BF1-478C-9E35-74DCF7634CA7}
	EndGlobalSection
EndGlobal
